// !$*UTF8*$!
{
	archiveVersion = 1;
	classes = {
	};
	objectVersion = 48;
	objects = {

/* Begin PBXBuildFile section */
		C5D8567E201E3C3000949EBE /* AppDelegate.m in Sources */ = {isa = PBXBuildFile; fileRef = C5D8567D201E3C3000949EBE /* AppDelegate.m */; };
		C5D85681201E3C3000949EBE /* ViewController.m in Sources */ = {isa = PBXBuildFile; fileRef = C5D85680201E3C3000949EBE /* ViewController.m */; };
		C5D85683201E3C3000949EBE /* Assets.xcassets in Resources */ = {isa = PBXBuildFile; fileRef = C5D85682201E3C3000949EBE /* Assets.xcassets */; };
		C5D85686201E3C3000949EBE /* Main.storyboard in Resources */ = {isa = PBXBuildFile; fileRef = C5D85684201E3C3000949EBE /* Main.storyboard */; };
		C5D85689201E3C3100949EBE /* main.m in Sources */ = {isa = PBXBuildFile; fileRef = C5D85688201E3C3100949EBE /* main.m */; };
/* End PBXBuildFile section */

/* Begin PBXFileReference section */
		C5D85679201E3C3000949EBE /* mac-screen-and-window-capture.app */ = {isa = PBXFileReference; explicitFileType = wrapper.application; includeInIndex = 0; path = "mac-screen-and-window-capture.app"; sourceTree = BUILT_PRODUCTS_DIR; };
		C5D8567C201E3C3000949EBE /* AppDelegate.h */ = {isa = PBXFileReference; lastKnownFileType = sourcecode.c.h; path = AppDelegate.h; sourceTree = "<group>"; };
		C5D8567D201E3C3000949EBE /* AppDelegate.m */ = {isa = PBXFileReference; lastKnownFileType = sourcecode.c.objc; path = AppDelegate.m; sourceTree = "<group>"; };
		C5D8567F201E3C3000949EBE /* ViewController.h */ = {isa = PBXFileReference; lastKnownFileType = sourcecode.c.h; path = ViewController.h; sourceTree = "<group>"; };
		C5D85680201E3C3000949EBE /* ViewController.m */ = {isa = PBXFileReference; lastKnownFileType = sourcecode.c.objc; path = ViewController.m; sourceTree = "<group>"; };
		C5D85682201E3C3000949EBE /* Assets.xcassets */ = {isa = PBXFileReference; lastKnownFileType = folder.assetcatalog; path = Assets.xcassets; sourceTree = "<group>"; };
		C5D85685201E3C3000949EBE /* Base */ = {isa = PBXFileReference; lastKnownFileType = file.storyboard; name = Base; path = Base.lproj/Main.storyboard; sourceTree = "<group>"; };
		C5D85687201E3C3100949EBE /* Info.plist */ = {isa = PBXFileReference; lastKnownFileType = text.plist.xml; path = Info.plist; sourceTree = "<group>"; };
		C5D85688201E3C3100949EBE /* main.m */ = {isa = PBXFileReference; lastKnownFileType = sourcecode.c.objc; path = main.m; sourceTree = "<group>"; };
		C5D8568A201E3C3100949EBE /* mac_screen_and_window_capture.entitlements */ = {isa = PBXFileReference; lastKnownFileType = text.plist.entitlements; path = mac_screen_and_window_capture.entitlements; sourceTree = "<group>"; };
/* End PBXFileReference section */

/* Begin PBXFrameworksBuildPhase section */
		C5D85676201E3C3000949EBE /* Frameworks */ = {
			isa = PBXFrameworksBuildPhase;
			buildActionMask = 2147483647;
			files = (
			);
			runOnlyForDeploymentPostprocessing = 0;
		};
/* End PBXFrameworksBuildPhase section */

/* Begin PBXGroup section */
		C5D85670201E3C3000949EBE = {
			isa = PBXGroup;
			children = (
				C5D8567B201E3C3000949EBE /* mac-screen-and-window-capture */,
				C5D8567A201E3C3000949EBE /* Products */,
			);
			sourceTree = "<group>";
		};
		C5D8567A201E3C3000949EBE /* Products */ = {
			isa = PBXGroup;
			children = (
				C5D85679201E3C3000949EBE /* mac-screen-and-window-capture.app */,
			);
			name = Products;
			sourceTree = "<group>";
		};
		C5D8567B201E3C3000949EBE /* mac-screen-and-window-capture */ = {
			isa = PBXGroup;
			children = (
				C5D8567C201E3C3000949EBE /* AppDelegate.h */,
				C5D8567D201E3C3000949EBE /* AppDelegate.m */,
				C5D8567F201E3C3000949EBE /* ViewController.h */,
				C5D85680201E3C3000949EBE /* ViewController.m */,
				C5D85682201E3C3000949EBE /* Assets.xcassets */,
				C5D85684201E3C3000949EBE /* Main.storyboard */,
				C5D85687201E3C3100949EBE /* Info.plist */,
				C5D85688201E3C3100949EBE /* main.m */,
				C5D8568A201E3C3100949EBE /* mac_screen_and_window_capture.entitlements */,
			);
			path = "mac-screen-and-window-capture";
			sourceTree = "<group>";
		};
/* End PBXGroup section */

/* Begin PBXNativeTarget section */
		C5D85678201E3C3000949EBE /* mac-screen-and-window-capture */ = {
			isa = PBXNativeTarget;
			buildConfigurationList = C5D8568D201E3C3100949EBE /* Build configuration list for PBXNativeTarget "mac-screen-and-window-capture" */;
			buildPhases = (
				C5D85675201E3C3000949EBE /* Sources */,
				C5D85676201E3C3000949EBE /* Frameworks */,
				C5D85677201E3C3000949EBE /* Resources */,
			);
			buildRules = (
			);
			dependencies = (
			);
			name = "mac-screen-and-window-capture";
			productName = "mac-screen-and-window-capture";
			productReference = C5D85679201E3C3000949EBE /* mac-screen-and-window-capture.app */;
			productType = "com.apple.product-type.application";
		};
/* End PBXNativeTarget section */

/* Begin PBXProject section */
		C5D85671201E3C3000949EBE /* Project object */ = {
			isa = PBXProject;
			attributes = {
				LastUpgradeCheck = 0920;
				ORGANIZATIONNAME = "Brian Pfeil";
				TargetAttributes = {
					C5D85678201E3C3000949EBE = {
						CreatedOnToolsVersion = 9.2;
						ProvisioningStyle = Automatic;
					};
				};
			};
			buildConfigurationList = C5D85674201E3C3000949EBE /* Build configuration list for PBXProject "mac-screen-and-window-capture" */;
			compatibilityVersion = "Xcode 8.0";
			developmentRegion = en;
			hasScannedForEncodings = 0;
			knownRegions = (
				en,
				Base,
			);
			mainGroup = C5D85670201E3C3000949EBE;
			productRefGroup = C5D8567A201E3C3000949EBE /* Products */;
			projectDirPath = "";
			projectRoot = "";
			targets = (
				C5D85678201E3C3000949EBE /* mac-screen-and-window-capture */,
			);
		};
/* End PBXProject section */

/* Begin PBXResourcesBuildPhase section */
		C5D85677201E3C3000949EBE /* Resources */ = {
			isa = PBXResourcesBuildPhase;
			buildActionMask = 2147483647;
			files = (
				C5D85683201E3C3000949EBE /* Assets.xcassets in Resources */,
				C5D85686201E3C3000949EBE /* Main.storyboard in Resources */,
			);
			runOnlyForDeploymentPostprocessing = 0;
		};
/* End PBXResourcesBuildPhase section */

/* Begin PBXSourcesBuildPhase section */
		C5D85675201E3C3000949EBE /* Sources */ = {
			isa = PBXSourcesBuildPhase;
			buildActionMask = 2147483647;
			files = (
				C5D85681201E3C3000949EBE /* ViewController.m in Sources */,
				C5D85689201E3C3100949EBE /* main.m in Sources */,
				C5D8567E201E3C3000949EBE /* AppDelegate.m in Sources */,
			);
			runOnlyForDeploymentPostprocessing = 0;
		};
/* End PBXSourcesBuildPhase section */

/* Begin PBXVariantGroup section */
		C5D85684201E3C3000949EBE /* Main.storyboard */ = {
			isa = PBXVariantGroup;
			children = (
				C5D85685201E3C3000949EBE /* Base */,
			);
			name = Main.storyboard;
			sourceTree = "<group>";
		};
/* End PBXVariantGroup section */

/* Begin XCBuildConfiguration section */
		C5D8568B201E3C3100949EBE /* Debug */ = {
			isa = XCBuildConfiguration;
			buildSettings = {
				ALWAYS_SEARCH_USER_PATHS = NO;
				CLANG_ANALYZER_NONNULL = YES;
				CLANG_ANALYZER_NUMBER_OBJECT_CONVERSION = YES_AGGRESSIVE;
				CLANG_CXX_LANGUAGE_STANDARD = "gnu++14";
				CLANG_CXX_LIBRARY = "libc++";
				CLANG_ENABLE_MODULES = YES;
				CLANG_ENABLE_OBJC_ARC = YES;
				CLANG_WARN_BLOCK_CAPTURE_AUTORELEASING = YES;
				CLANG_WARN_BOOL_CONVERSION = YES;
				CLANG_WARN_COMMA = YES;
				CLANG_WARN_CONSTANT_CONVERSION = YES;
				CLANG_WARN_DIRECT_OBJC_ISA_USAGE = YES_ERROR;
				CLANG_WARN_DOCUMENTATION_COMMENTS = YES;
				CLANG_WARN_EMPTY_BODY = YES;
				CLANG_WARN_ENUM_CONVERSION = YES;
				CLANG_WARN_INFINITE_RECURSION = YES;
				CLANG_WARN_INT_CONVERSION = YES;
				CLANG_WARN_NON_LITERAL_NULL_CONVERSION = YES;
				CLANG_WARN_OBJC_LITERAL_CONVERSION = YES;
				CLANG_WARN_OBJC_ROOT_CLASS = YES_ERROR;
				CLANG_WARN_RANGE_LOOP_ANALYSIS = YES;
				CLANG_WARN_STRICT_PROTOTYPES = YES;
				CLANG_WARN_SUSPICIOUS_MOVE = YES;
				CLANG_WARN_UNGUARDED_AVAILABILITY = YES_AGGRESSIVE;
				CLANG_WARN_UNREACHABLE_CODE = YES;
				CLANG_WARN__DUPLICATE_METHOD_MATCH = YES;
				CODE_SIGN_IDENTITY = "Mac Developer";
				COPY_PHASE_STRIP = NO;
				DEBUG_INFORMATION_FORMAT = dwarf;
				ENABLE_STRICT_OBJC_MSGSEND = YES;
				ENABLE_TESTABILITY = YES;
				GCC_C_LANGUAGE_STANDARD = gnu11;
				GCC_DYNAMIC_NO_PIC = NO;
				GCC_NO_COMMON_BLOCKS = YES;
				GCC_OPTIMIZATION_LEVEL = 0;
				GCC_PREPROCESSOR_DEFINITIONS = (
					"DEBUG=1",
					"$(inherited)",
				);
				GCC_WARN_64_TO_32_BIT_CONVERSION = YES;
				GCC_WARN_ABOUT_RETURN_TYPE = YES_ERROR;
				GCC_WARN_UNDECLARED_SELECTOR = YES;
				GCC_WARN_UNINITIALIZED_AUTOS = YES_AGGRESSIVE;
				GCC_WARN_UNUSED_FUNCTION = YES;
				GCC_WARN_UNUSED_VARIABLE = YES;
				MACOSX_DEPLOYMENT_TARGET = 10.12;
				MTL_ENABLE_DEBUG_INFO = YES;
				ONLY_ACTIVE_ARCH = YES;
				SDKROOT = macosx;
			};
			name = Debug;
		};
		C5D8568C201E3C3100949EBE /* Release */ = {
			isa = XCBuildConfiguration;
			buildSettings = {
				ALWAYS_SEARCH_USER_PATHS = NO;
				CLANG_ANALYZER_NONNULL = YES;
				CLANG_ANALYZER_NUMBER_OBJECT_CONVERSION = YES_AGGRESSIVE;
				CLANG_CXX_LANGUAGE_STANDARD = "gnu++14";
				CLANG_CXX_LIBRARY = "libc++";
				CLANG_ENABLE_MODULES = YES;
				CLANG_ENABLE_OBJC_ARC = YES;
				CLANG_WARN_BLOCK_CAPTURE_AUTORELEASING = YES;
				CLANG_WARN_BOOL_CONVERSION = YES;
				CLANG_WARN_COMMA = YES;
				CLANG_WARN_CONSTANT_CONVERSION = YES;
				CLANG_WARN_DIRECT_OBJC_ISA_USAGE = YES_ERROR;
				CLANG_WARN_DOCUMENTATION_COMMENTS = YES;
				CLANG_WARN_EMPTY_BODY = YES;
				CLANG_WARN_ENUM_CONVERSION = YES;
				CLANG_WARN_INFINITE_RECURSION = YES;
				CLANG_WARN_INT_CONVERSION = YES;
				CLANG_WARN_NON_LITERAL_NULL_CONVERSION = YES;
				CLANG_WARN_OBJC_LITERAL_CONVERSION = YES;
				CLANG_WARN_OBJC_ROOT_CLASS = YES_ERROR;
				CLANG_WARN_RANGE_LOOP_ANALYSIS = YES;
				CLANG_WARN_STRICT_PROTOTYPES = YES;
				CLANG_WARN_SUSPICIOUS_MOVE = YES;
				CLANG_WARN_UNGUARDED_AVAILABILITY = YES_AGGRESSIVE;
				CLANG_WARN_UNREACHABLE_CODE = YES;
				CLANG_WARN__DUPLICATE_METHOD_MATCH = YES;
				CODE_SIGN_IDENTITY = "Mac Developer";
				COPY_PHASE_STRIP = NO;
				DEBUG_INFORMATION_FORMAT = "dwarf-with-dsym";
				ENABLE_NS_ASSERTIONS = NO;
				ENABLE_STRICT_OBJC_MSGSEND = YES;
				GCC_C_LANGUAGE_STANDARD = gnu11;
				GCC_NO_COMMON_BLOCKS = YES;
				GCC_WARN_64_TO_32_BIT_CONVERSION = YES;
				GCC_WARN_ABOUT_RETURN_TYPE = YES_ERROR;
				GCC_WARN_UNDECLARED_SELECTOR = YES;
				GCC_WARN_UNINITIALIZED_AUTOS = YES_AGGRESSIVE;
				GCC_WARN_UNUSED_FUNCTION = YES;
				GCC_WARN_UNUSED_VARIABLE = YES;
				MACOSX_DEPLOYMENT_TARGET = 10.12;
				MTL_ENABLE_DEBUG_INFO = NO;
				SDKROOT = macosx;
			};
			name = Release;
		};
		C5D8568E201E3C3100949EBE /* Debug */ = {
			isa = XCBuildConfiguration;
			buildSettings = {
				ASSETCATALOG_COMPILER_APPICON_NAME = AppIcon;
				CODE_SIGN_ENTITLEMENTS = "mac-screen-and-window-capture/mac_screen_and_window_capture.entitlements";
				CODE_SIGN_STYLE = Automatic;
				COMBINE_HIDPI_IMAGES = YES;
				DEVELOPMENT_TEAM = 7LS573L8C4;
				INFOPLIST_FILE = "mac-screen-and-window-capture/Info.plist";
				LD_RUNPATH_SEARCH_PATHS = "$(inherited) @executable_path/../Frameworks";
				PRODUCT_BUNDLE_IDENTIFIER = "com.brianpfeil.mac-screen-and-window-capture";
				PRODUCT_NAME = "$(TARGET_NAME)";
			};
			name = Debug;
		};
		C5D8568F201E3C3100949EBE /* Release */ = {
			isa = XCBuildConfiguration;
			buildSettings = {
				ASSETCATALOG_COMPILER_APPICON_NAME = AppIcon;
				CODE_SIGN_ENTITLEMENTS = "mac-screen-and-window-capture/mac_screen_and_window_capture.entitlements";
				CODE_SIGN_STYLE = Automatic;
				COMBINE_HIDPI_IMAGES = YES;
				DEVELOPMENT_TEAM = 7LS573L8C4;
				INFOPLIST_FILE = "mac-screen-and-window-capture/Info.plist";
				LD_RUNPATH_SEARCH_PATHS = "$(inherited) @executable_path/../Frameworks";
				PRODUCT_BUNDLE_IDENTIFIER = "com.brianpfeil.mac-screen-and-window-capture";
				PRODUCT_NAME = "$(TARGET_NAME)";
			};
			name = Release;
		};
/* End XCBuildConfiguration section */

/* Begin XCConfigurationList section */
		C5D85674201E3C3000949EBE /* Build configuration list for PBXProject "mac-screen-and-window-capture" */ = {
			isa = XCConfigurationList;
			buildConfigurations = (
				C5D8568B201E3C3100949EBE /* Debug */,
				C5D8568C201E3C3100949EBE /* Release */,
			);
			defaultConfigurationIsVisible = 0;
			defaultConfigurationName = Release;
		};
		C5D8568D201E3C3100949EBE /* Build configuration list for PBXNativeTarget "mac-screen-and-window-capture" */ = {
			isa = XCConfigurationList;
			buildConfigurations = (
				C5D8568E201E3C3100949EBE /* Debug */,
				C5D8568F201E3C3100949EBE /* Release */,
			);
			defaultConfigurationIsVisible = 0;
			defaultConfigurationName = Release;
		};
/* End XCConfigurationList section */
	};
	rootObject = C5D85671201E3C3000949EBE /* Project object */;
}
